// !$*UTF8*$!
{
	archiveVersion = 1;
	classes = {
	};
	objectVersion = 50;
	objects = {

/* Begin PBXBuildFile section */
		251F8DE32298D299002ACFF4 /* Gift.swift in Sources */ = {isa = PBXBuildFile; fileRef = 251F8DE22298D299002ACFF4 /* Gift.swift */; };
		251F8DE52298F569002ACFF4 /* MainTabBarViewController.swift in Sources */ = {isa = PBXBuildFile; fileRef = 251F8DE42298F569002ACFF4 /* MainTabBarViewController.swift */; };
		251F8DE7229B025F002ACFF4 /* GiftViewController.swift in Sources */ = {isa = PBXBuildFile; fileRef = 251F8DE6229B025F002ACFF4 /* GiftViewController.swift */; };
		251F8DE9229B16AF002ACFF4 /* MapViewController.swift in Sources */ = {isa = PBXBuildFile; fileRef = 251F8DE8229B16AF002ACFF4 /* MapViewController.swift */; };
		2528AFD32258117100863F91 /* AppDelegate.swift in Sources */ = {isa = PBXBuildFile; fileRef = 2528AFD22258117100863F91 /* AppDelegate.swift */; };
		2528AFD52258117100863F91 /* ViewController.swift in Sources */ = {isa = PBXBuildFile; fileRef = 2528AFD42258117100863F91 /* ViewController.swift */; };
		2528AFD82258117100863F91 /* Main.storyboard in Resources */ = {isa = PBXBuildFile; fileRef = 2528AFD62258117100863F91 /* Main.storyboard */; };
		2528AFDB2258117100863F91 /* GiftGift.xcdatamodeld in Sources */ = {isa = PBXBuildFile; fileRef = 2528AFD92258117100863F91 /* GiftGift.xcdatamodeld */; };
		2528AFDD2258117300863F91 /* Assets.xcassets in Resources */ = {isa = PBXBuildFile; fileRef = 2528AFDC2258117300863F91 /* Assets.xcassets */; };
		2528AFE02258117300863F91 /* LaunchScreen.storyboard in Resources */ = {isa = PBXBuildFile; fileRef = 2528AFDE2258117300863F91 /* LaunchScreen.storyboard */; };
		25348B8A225C0BCC009C5920 /* LoginViewController.swift in Sources */ = {isa = PBXBuildFile; fileRef = 25348B89225C0BCC009C5920 /* LoginViewController.swift */; };
		25348B8C225C18D1009C5920 /* SignUpViewController.swift in Sources */ = {isa = PBXBuildFile; fileRef = 25348B8B225C18D1009C5920 /* SignUpViewController.swift */; };
		2560C18C2270C9900029CDDF /* GoogleService-Info.plist in Resources */ = {isa = PBXBuildFile; fileRef = 2560C18B2270C9900029CDDF /* GoogleService-Info.plist */; };
		2560C190227120C60029CDDF /* LoadingButton.swift in Sources */ = {isa = PBXBuildFile; fileRef = 2560C18F227120C60029CDDF /* LoadingButton.swift */; };
		2560C1942271409A0029CDDF /* GiftsTableViewController.swift in Sources */ = {isa = PBXBuildFile; fileRef = 2560C1932271409A0029CDDF /* GiftsTableViewController.swift */; };
		2560C1962271421A0029CDDF /* GiftTableViewCell.swift in Sources */ = {isa = PBXBuildFile; fileRef = 2560C1952271421A0029CDDF /* GiftTableViewCell.swift */; };
		25F72812229B83B4009DBA6A /* SettingsViewController.swift in Sources */ = {isa = PBXBuildFile; fileRef = 25F72811229B83B4009DBA6A /* SettingsViewController.swift */; };
		25F72814229B851E009DBA6A /* Settings.bundle in Resources */ = {isa = PBXBuildFile; fileRef = 25F72813229B851E009DBA6A /* Settings.bundle */; };
		F2EB17802766948F542347EF /* Pods_GiftGift.framework in Frameworks */ = {isa = PBXBuildFile; fileRef = 86FC1E757EC8B106CFAFE2BD /* Pods_GiftGift.framework */; };
/* End PBXBuildFile section */

/* Begin PBXFileReference section */
		251F8DE22298D299002ACFF4 /* Gift.swift */ = {isa = PBXFileReference; lastKnownFileType = sourcecode.swift; path = Gift.swift; sourceTree = "<group>"; };
		251F8DE42298F569002ACFF4 /* MainTabBarViewController.swift */ = {isa = PBXFileReference; lastKnownFileType = sourcecode.swift; path = MainTabBarViewController.swift; sourceTree = "<group>"; };
		251F8DE6229B025F002ACFF4 /* GiftViewController.swift */ = {isa = PBXFileReference; lastKnownFileType = sourcecode.swift; path = GiftViewController.swift; sourceTree = "<group>"; };
		251F8DE8229B16AF002ACFF4 /* MapViewController.swift */ = {isa = PBXFileReference; lastKnownFileType = sourcecode.swift; path = MapViewController.swift; sourceTree = "<group>"; };
		2528AFCF2258117100863F91 /* GiftGift.app */ = {isa = PBXFileReference; explicitFileType = wrapper.application; includeInIndex = 0; path = GiftGift.app; sourceTree = BUILT_PRODUCTS_DIR; };
		2528AFD22258117100863F91 /* AppDelegate.swift */ = {isa = PBXFileReference; lastKnownFileType = sourcecode.swift; path = AppDelegate.swift; sourceTree = "<group>"; };
		2528AFD42258117100863F91 /* ViewController.swift */ = {isa = PBXFileReference; lastKnownFileType = sourcecode.swift; path = ViewController.swift; sourceTree = "<group>"; };
		2528AFD72258117100863F91 /* Base */ = {isa = PBXFileReference; lastKnownFileType = file.storyboard; name = Base; path = Base.lproj/Main.storyboard; sourceTree = "<group>"; };
		2528AFDA2258117100863F91 /* GiftGift.xcdatamodel */ = {isa = PBXFileReference; lastKnownFileType = wrapper.xcdatamodel; path = GiftGift.xcdatamodel; sourceTree = "<group>"; };
		2528AFDC2258117300863F91 /* Assets.xcassets */ = {isa = PBXFileReference; lastKnownFileType = folder.assetcatalog; path = Assets.xcassets; sourceTree = "<group>"; };
		2528AFDF2258117300863F91 /* Base */ = {isa = PBXFileReference; lastKnownFileType = file.storyboard; name = Base; path = Base.lproj/LaunchScreen.storyboard; sourceTree = "<group>"; };
		2528AFE12258117300863F91 /* Info.plist */ = {isa = PBXFileReference; lastKnownFileType = text.plist.xml; path = Info.plist; sourceTree = "<group>"; };
		25348B89225C0BCC009C5920 /* LoginViewController.swift */ = {isa = PBXFileReference; lastKnownFileType = sourcecode.swift; path = LoginViewController.swift; sourceTree = "<group>"; };
		25348B8B225C18D1009C5920 /* SignUpViewController.swift */ = {isa = PBXFileReference; lastKnownFileType = sourcecode.swift; path = SignUpViewController.swift; sourceTree = "<group>"; };
		2560C18B2270C9900029CDDF /* GoogleService-Info.plist */ = {isa = PBXFileReference; fileEncoding = 4; lastKnownFileType = text.plist.xml; path = "GoogleService-Info.plist"; sourceTree = "<group>"; };
		2560C18F227120C60029CDDF /* LoadingButton.swift */ = {isa = PBXFileReference; lastKnownFileType = sourcecode.swift; path = LoadingButton.swift; sourceTree = "<group>"; };
		2560C1932271409A0029CDDF /* GiftsTableViewController.swift */ = {isa = PBXFileReference; lastKnownFileType = sourcecode.swift; path = GiftsTableViewController.swift; sourceTree = "<group>"; };
		2560C1952271421A0029CDDF /* GiftTableViewCell.swift */ = {isa = PBXFileReference; lastKnownFileType = sourcecode.swift; path = GiftTableViewCell.swift; sourceTree = "<group>"; };
		25F72811229B83B4009DBA6A /* SettingsViewController.swift */ = {isa = PBXFileReference; lastKnownFileType = sourcecode.swift; path = SettingsViewController.swift; sourceTree = "<group>"; };
		25F72813229B851E009DBA6A /* Settings.bundle */ = {isa = PBXFileReference; lastKnownFileType = "wrapper.plug-in"; path = Settings.bundle; sourceTree = "<group>"; };
		453B0EA0C410B71163158883 /* Pods-GiftGift.release.xcconfig */ = {isa = PBXFileReference; includeInIndex = 1; lastKnownFileType = text.xcconfig; name = "Pods-GiftGift.release.xcconfig"; path = "Target Support Files/Pods-GiftGift/Pods-GiftGift.release.xcconfig"; sourceTree = "<group>"; };
		5F292478CC354FB9F7BCEDE7 /* Pods-GiftGift.debug.xcconfig */ = {isa = PBXFileReference; includeInIndex = 1; lastKnownFileType = text.xcconfig; name = "Pods-GiftGift.debug.xcconfig"; path = "Target Support Files/Pods-GiftGift/Pods-GiftGift.debug.xcconfig"; sourceTree = "<group>"; };
		86FC1E757EC8B106CFAFE2BD /* Pods_GiftGift.framework */ = {isa = PBXFileReference; explicitFileType = wrapper.framework; includeInIndex = 0; path = Pods_GiftGift.framework; sourceTree = BUILT_PRODUCTS_DIR; };
/* End PBXFileReference section */

/* Begin PBXFrameworksBuildPhase section */
		2528AFCC2258117100863F91 /* Frameworks */ = {
			isa = PBXFrameworksBuildPhase;
			buildActionMask = 2147483647;
			files = (
				F2EB17802766948F542347EF /* Pods_GiftGift.framework in Frameworks */,
			);
			runOnlyForDeploymentPostprocessing = 0;
		};
/* End PBXFrameworksBuildPhase section */

/* Begin PBXGroup section */
		2528AFC62258117100863F91 = {
			isa = PBXGroup;
			children = (
				2528AFD12258117100863F91 /* GiftGift */,
				2528AFD02258117100863F91 /* Products */,
				45FCD401FCC656CE967A08B8 /* Pods */,
				C4BFE77E8979A70F5C845B9F /* Frameworks */,
			);
			sourceTree = "<group>";
		};
		2528AFD02258117100863F91 /* Products */ = {
			isa = PBXGroup;
			children = (
				2528AFCF2258117100863F91 /* GiftGift.app */,
			);
			name = Products;
			sourceTree = "<group>";
		};
		2528AFD12258117100863F91 /* GiftGift */ = {
			isa = PBXGroup;
			children = (
				2528AFD22258117100863F91 /* AppDelegate.swift */,
				2528AFD42258117100863F91 /* ViewController.swift */,
				2528AFD62258117100863F91 /* Main.storyboard */,
				25F72813229B851E009DBA6A /* Settings.bundle */,
				25F72811229B83B4009DBA6A /* SettingsViewController.swift */,
				251F8DE8229B16AF002ACFF4 /* MapViewController.swift */,
				251F8DE42298F569002ACFF4 /* MainTabBarViewController.swift */,
				251F8DE6229B025F002ACFF4 /* GiftViewController.swift */,
				2560C1952271421A0029CDDF /* GiftTableViewCell.swift */,
				2560C1932271409A0029CDDF /* GiftsTableViewController.swift */,
				25348B8B225C18D1009C5920 /* SignUpViewController.swift */,
				2560C18F227120C60029CDDF /* LoadingButton.swift */,
				25348B89225C0BCC009C5920 /* LoginViewController.swift */,
				2528AFDC2258117300863F91 /* Assets.xcassets */,
				2528AFDE2258117300863F91 /* LaunchScreen.storyboard */,
				2528AFE12258117300863F91 /* Info.plist */,
				2560C18B2270C9900029CDDF /* GoogleService-Info.plist */,
				2528AFD92258117100863F91 /* GiftGift.xcdatamodeld */,
				251F8DE22298D299002ACFF4 /* Gift.swift */,
			);
			path = GiftGift;
			sourceTree = "<group>";
		};
		45FCD401FCC656CE967A08B8 /* Pods */ = {
			isa = PBXGroup;
			children = (
				5F292478CC354FB9F7BCEDE7 /* Pods-GiftGift.debug.xcconfig */,
				453B0EA0C410B71163158883 /* Pods-GiftGift.release.xcconfig */,
			);
			path = Pods;
			sourceTree = "<group>";
		};
		C4BFE77E8979A70F5C845B9F /* Frameworks */ = {
			isa = PBXGroup;
			children = (
				86FC1E757EC8B106CFAFE2BD /* Pods_GiftGift.framework */,
			);
			name = Frameworks;
			sourceTree = "<group>";
		};
/* End PBXGroup section */

/* Begin PBXNativeTarget section */
		2528AFCE2258117100863F91 /* GiftGift */ = {
			isa = PBXNativeTarget;
			buildConfigurationList = 2528AFE42258117300863F91 /* Build configuration list for PBXNativeTarget "GiftGift" */;
			buildPhases = (
				F3DFBB6241DEA0FCDD6B02CD /* [CP] Check Pods Manifest.lock */,
				2528AFCB2258117100863F91 /* Sources */,
				2528AFCC2258117100863F91 /* Frameworks */,
				2528AFCD2258117100863F91 /* Resources */,
				7880258D3A8358D6784CD5CC /* [CP] Embed Pods Frameworks */,
			);
			buildRules = (
			);
			dependencies = (
			);
			name = GiftGift;
			productName = GiftGift;
			productReference = 2528AFCF2258117100863F91 /* GiftGift.app */;
			productType = "com.apple.product-type.application";
		};
/* End PBXNativeTarget section */

/* Begin PBXProject section */
		2528AFC72258117100863F91 /* Project object */ = {
			isa = PBXProject;
			attributes = {
				LastSwiftUpdateCheck = 1020;
				LastUpgradeCheck = 1020;
				ORGANIZATIONNAME = FIAP;
				TargetAttributes = {
					2528AFCE2258117100863F91 = {
						CreatedOnToolsVersion = 10.2;
					};
				};
			};
			buildConfigurationList = 2528AFCA2258117100863F91 /* Build configuration list for PBXProject "GiftGift" */;
			compatibilityVersion = "Xcode 9.3";
			developmentRegion = en;
			hasScannedForEncodings = 0;
			knownRegions = (
				en,
				Base,
			);
			mainGroup = 2528AFC62258117100863F91;
			productRefGroup = 2528AFD02258117100863F91 /* Products */;
			projectDirPath = "";
			projectRoot = "";
			targets = (
				2528AFCE2258117100863F91 /* GiftGift */,
			);
		};
/* End PBXProject section */

/* Begin PBXResourcesBuildPhase section */
		2528AFCD2258117100863F91 /* Resources */ = {
			isa = PBXResourcesBuildPhase;
			buildActionMask = 2147483647;
			files = (
				2528AFE02258117300863F91 /* LaunchScreen.storyboard in Resources */,
				2560C18C2270C9900029CDDF /* GoogleService-Info.plist in Resources */,
				25F72814229B851E009DBA6A /* Settings.bundle in Resources */,
				2528AFDD2258117300863F91 /* Assets.xcassets in Resources */,
				2528AFD82258117100863F91 /* Main.storyboard in Resources */,
			);
			runOnlyForDeploymentPostprocessing = 0;
		};
/* End PBXResourcesBuildPhase section */

/* Begin PBXShellScriptBuildPhase section */
		7880258D3A8358D6784CD5CC /* [CP] Embed Pods Frameworks */ = {
			isa = PBXShellScriptBuildPhase;
			buildActionMask = 2147483647;
			files = (
			);
			inputFileListPaths = (
			);
			inputPaths = (
				"${PODS_ROOT}/Target Support Files/Pods-GiftGift/Pods-GiftGift-frameworks.sh",
				"${BUILT_PRODUCTS_DIR}/BoringSSL-GRPC/openssl_grpc.framework",
				"${BUILT_PRODUCTS_DIR}/GTMSessionFetcher/GTMSessionFetcher.framework",
				"${BUILT_PRODUCTS_DIR}/GoogleUtilities/GoogleUtilities.framework",
				"${BUILT_PRODUCTS_DIR}/Protobuf/Protobuf.framework",
				"${BUILT_PRODUCTS_DIR}/gRPC-C++/grpcpp.framework",
				"${BUILT_PRODUCTS_DIR}/gRPC-Core/grpc.framework",
				"${BUILT_PRODUCTS_DIR}/leveldb-library/leveldb.framework",
				"${BUILT_PRODUCTS_DIR}/nanopb/nanopb.framework",
			);
			name = "[CP] Embed Pods Frameworks";
			outputFileListPaths = (
			);
			outputPaths = (
				"${TARGET_BUILD_DIR}/${FRAMEWORKS_FOLDER_PATH}/openssl_grpc.framework",
				"${TARGET_BUILD_DIR}/${FRAMEWORKS_FOLDER_PATH}/GTMSessionFetcher.framework",
				"${TARGET_BUILD_DIR}/${FRAMEWORKS_FOLDER_PATH}/GoogleUtilities.framework",
				"${TARGET_BUILD_DIR}/${FRAMEWORKS_FOLDER_PATH}/Protobuf.framework",
				"${TARGET_BUILD_DIR}/${FRAMEWORKS_FOLDER_PATH}/grpcpp.framework",
				"${TARGET_BUILD_DIR}/${FRAMEWORKS_FOLDER_PATH}/grpc.framework",
				"${TARGET_BUILD_DIR}/${FRAMEWORKS_FOLDER_PATH}/leveldb.framework",
				"${TARGET_BUILD_DIR}/${FRAMEWORKS_FOLDER_PATH}/nanopb.framework",
			);
			runOnlyForDeploymentPostprocessing = 0;
			shellPath = /bin/sh;
			shellScript = "\"${PODS_ROOT}/Target Support Files/Pods-GiftGift/Pods-GiftGift-frameworks.sh\"\n";
			showEnvVarsInLog = 0;
		};
		F3DFBB6241DEA0FCDD6B02CD /* [CP] Check Pods Manifest.lock */ = {
			isa = PBXShellScriptBuildPhase;
			buildActionMask = 2147483647;
			files = (
			);
			inputFileListPaths = (
			);
			inputPaths = (
				"${PODS_PODFILE_DIR_PATH}/Podfile.lock",
				"${PODS_ROOT}/Manifest.lock",
			);
			name = "[CP] Check Pods Manifest.lock";
			outputFileListPaths = (
			);
			outputPaths = (
				"$(DERIVED_FILE_DIR)/Pods-GiftGift-checkManifestLockResult.txt",
			);
			runOnlyForDeploymentPostprocessing = 0;
			shellPath = /bin/sh;
			shellScript = "diff \"${PODS_PODFILE_DIR_PATH}/Podfile.lock\" \"${PODS_ROOT}/Manifest.lock\" > /dev/null\nif [ $? != 0 ] ; then\n    # print error to STDERR\n    echo \"error: The sandbox is not in sync with the Podfile.lock. Run 'pod install' or update your CocoaPods installation.\" >&2\n    exit 1\nfi\n# This output is used by Xcode 'outputs' to avoid re-running this script phase.\necho \"SUCCESS\" > \"${SCRIPT_OUTPUT_FILE_0}\"\n";
			showEnvVarsInLog = 0;
		};
/* End PBXShellScriptBuildPhase section */

/* Begin PBXSourcesBuildPhase section */
		2528AFCB2258117100863F91 /* Sources */ = {
			isa = PBXSourcesBuildPhase;
			buildActionMask = 2147483647;
			files = (
				2560C190227120C60029CDDF /* LoadingButton.swift in Sources */,
				2560C1942271409A0029CDDF /* GiftsTableViewController.swift in Sources */,
				25348B8A225C0BCC009C5920 /* LoginViewController.swift in Sources */,
				251F8DE7229B025F002ACFF4 /* GiftViewController.swift in Sources */,
				251F8DE32298D299002ACFF4 /* Gift.swift in Sources */,
				2528AFD52258117100863F91 /* ViewController.swift in Sources */,
				251F8DE52298F569002ACFF4 /* MainTabBarViewController.swift in Sources */,
				251F8DE9229B16AF002ACFF4 /* MapViewController.swift in Sources */,
				25348B8C225C18D1009C5920 /* SignUpViewController.swift in Sources */,
				2560C1962271421A0029CDDF /* GiftTableViewCell.swift in Sources */,
				25F72812229B83B4009DBA6A /* SettingsViewController.swift in Sources */,
				2528AFD32258117100863F91 /* AppDelegate.swift in Sources */,
				2528AFDB2258117100863F91 /* GiftGift.xcdatamodeld in Sources */,
			);
			runOnlyForDeploymentPostprocessing = 0;
		};
/* End PBXSourcesBuildPhase section */

/* Begin PBXVariantGroup section */
		2528AFD62258117100863F91 /* Main.storyboard */ = {
			isa = PBXVariantGroup;
			children = (
				2528AFD72258117100863F91 /* Base */,
			);
			name = Main.storyboard;
			sourceTree = "<group>";
		};
		2528AFDE2258117300863F91 /* LaunchScreen.storyboard */ = {
			isa = PBXVariantGroup;
			children = (
				2528AFDF2258117300863F91 /* Base */,
			);
			name = LaunchScreen.storyboard;
			sourceTree = "<group>";
		};
/* End PBXVariantGroup section */

/* Begin XCBuildConfiguration section */
		2528AFE22258117300863F91 /* Debug */ = {
			isa = XCBuildConfiguration;
			buildSettings = {
				ALWAYS_SEARCH_USER_PATHS = NO;
				CLANG_ANALYZER_NONNULL = YES;
				CLANG_ANALYZER_NUMBER_OBJECT_CONVERSION = YES_AGGRESSIVE;
				CLANG_CXX_LANGUAGE_STANDARD = "gnu++14";
				CLANG_CXX_LIBRARY = "libc++";
				CLANG_ENABLE_MODULES = YES;
				CLANG_ENABLE_OBJC_ARC = YES;
				CLANG_ENABLE_OBJC_WEAK = YES;
				CLANG_WARN_BLOCK_CAPTURE_AUTORELEASING = YES;
				CLANG_WARN_BOOL_CONVERSION = YES;
				CLANG_WARN_COMMA = YES;
				CLANG_WARN_CONSTANT_CONVERSION = YES;
				CLANG_WARN_DEPRECATED_OBJC_IMPLEMENTATIONS = YES;
				CLANG_WARN_DIRECT_OBJC_ISA_USAGE = YES_ERROR;
				CLANG_WARN_DOCUMENTATION_COMMENTS = YES;
				CLANG_WARN_EMPTY_BODY = YES;
				CLANG_WARN_ENUM_CONVERSION = YES;
				CLANG_WARN_INFINITE_RECURSION = YES;
				CLANG_WARN_INT_CONVERSION = YES;
				CLANG_WARN_NON_LITERAL_NULL_CONVERSION = YES;
				CLANG_WARN_OBJC_IMPLICIT_RETAIN_SELF = YES;
				CLANG_WARN_OBJC_LITERAL_CONVERSION = YES;
				CLANG_WARN_OBJC_ROOT_CLASS = YES_ERROR;
				CLANG_WARN_RANGE_LOOP_ANALYSIS = YES;
				CLANG_WARN_STRICT_PROTOTYPES = YES;
				CLANG_WARN_SUSPICIOUS_MOVE = YES;
				CLANG_WARN_UNGUARDED_AVAILABILITY = YES_AGGRESSIVE;
				CLANG_WARN_UNREACHABLE_CODE = YES;
				CLANG_WARN__DUPLICATE_METHOD_MATCH = YES;
				CODE_SIGN_IDENTITY = "iPhone Developer";
				COPY_PHASE_STRIP = NO;
				DEBUG_INFORMATION_FORMAT = dwarf;
				ENABLE_STRICT_OBJC_MSGSEND = YES;
				ENABLE_TESTABILITY = YES;
				GCC_C_LANGUAGE_STANDARD = gnu11;
				GCC_DYNAMIC_NO_PIC = NO;
				GCC_NO_COMMON_BLOCKS = YES;
				GCC_OPTIMIZATION_LEVEL = 0;
				GCC_PREPROCESSOR_DEFINITIONS = (
					"DEBUG=1",
					"$(inherited)",
				);
				GCC_WARN_64_TO_32_BIT_CONVERSION = YES;
				GCC_WARN_ABOUT_RETURN_TYPE = YES_ERROR;
				GCC_WARN_UNDECLARED_SELECTOR = YES;
				GCC_WARN_UNINITIALIZED_AUTOS = YES_AGGRESSIVE;
				GCC_WARN_UNUSED_FUNCTION = YES;
				GCC_WARN_UNUSED_VARIABLE = YES;
				IPHONEOS_DEPLOYMENT_TARGET = 12.2;
				MTL_ENABLE_DEBUG_INFO = INCLUDE_SOURCE;
				MTL_FAST_MATH = YES;
				ONLY_ACTIVE_ARCH = YES;
				SDKROOT = iphoneos;
				SWIFT_ACTIVE_COMPILATION_CONDITIONS = DEBUG;
				SWIFT_OPTIMIZATION_LEVEL = "-Onone";
			};
			name = Debug;
		};
		2528AFE32258117300863F91 /* Release */ = {
			isa = XCBuildConfiguration;
			buildSettings = {
				ALWAYS_SEARCH_USER_PATHS = NO;
				CLANG_ANALYZER_NONNULL = YES;
				CLANG_ANALYZER_NUMBER_OBJECT_CONVERSION = YES_AGGRESSIVE;
				CLANG_CXX_LANGUAGE_STANDARD = "gnu++14";
				CLANG_CXX_LIBRARY = "libc++";
				CLANG_ENABLE_MODULES = YES;
				CLANG_ENABLE_OBJC_ARC = YES;
				CLANG_ENABLE_OBJC_WEAK = YES;
				CLANG_WARN_BLOCK_CAPTURE_AUTORELEASING = YES;
				CLANG_WARN_BOOL_CONVERSION = YES;
				CLANG_WARN_COMMA = YES;
				CLANG_WARN_CONSTANT_CONVERSION = YES;
				CLANG_WARN_DEPRECATED_OBJC_IMPLEMENTATIONS = YES;
				CLANG_WARN_DIRECT_OBJC_ISA_USAGE = YES_ERROR;
				CLANG_WARN_DOCUMENTATION_COMMENTS = YES;
				CLANG_WARN_EMPTY_BODY = YES;
				CLANG_WARN_ENUM_CONVERSION = YES;
				CLANG_WARN_INFINITE_RECURSION = YES;
				CLANG_WARN_INT_CONVERSION = YES;
				CLANG_WARN_NON_LITERAL_NULL_CONVERSION = YES;
				CLANG_WARN_OBJC_IMPLICIT_RETAIN_SELF = YES;
				CLANG_WARN_OBJC_LITERAL_CONVERSION = YES;
				CLANG_WARN_OBJC_ROOT_CLASS = YES_ERROR;
				CLANG_WARN_RANGE_LOOP_ANALYSIS = YES;
				CLANG_WARN_STRICT_PROTOTYPES = YES;
				CLANG_WARN_SUSPICIOUS_MOVE = YES;
				CLANG_WARN_UNGUARDED_AVAILABILITY = YES_AGGRESSIVE;
				CLANG_WARN_UNREACHABLE_CODE = YES;
				CLANG_WARN__DUPLICATE_METHOD_MATCH = YES;
				CODE_SIGN_IDENTITY = "iPhone Developer";
				COPY_PHASE_STRIP = NO;
				DEBUG_INFORMATION_FORMAT = "dwarf-with-dsym";
				ENABLE_NS_ASSERTIONS = NO;
				ENABLE_STRICT_OBJC_MSGSEND = YES;
				GCC_C_LANGUAGE_STANDARD = gnu11;
				GCC_NO_COMMON_BLOCKS = YES;
				GCC_WARN_64_TO_32_BIT_CONVERSION = YES;
				GCC_WARN_ABOUT_RETURN_TYPE = YES_ERROR;
				GCC_WARN_UNDECLARED_SELECTOR = YES;
				GCC_WARN_UNINITIALIZED_AUTOS = YES_AGGRESSIVE;
				GCC_WARN_UNUSED_FUNCTION = YES;
				GCC_WARN_UNUSED_VARIABLE = YES;
				IPHONEOS_DEPLOYMENT_TARGET = 12.2;
				MTL_ENABLE_DEBUG_INFO = NO;
				MTL_FAST_MATH = YES;
				SDKROOT = iphoneos;
				SWIFT_COMPILATION_MODE = wholemodule;
				SWIFT_OPTIMIZATION_LEVEL = "-O";
				VALIDATE_PRODUCT = YES;
			};
			name = Release;
		};
		2528AFE52258117300863F91 /* Debug */ = {
			isa = XCBuildConfiguration;
			baseConfigurationReference = 5F292478CC354FB9F7BCEDE7 /* Pods-GiftGift.debug.xcconfig */;
			buildSettings = {
				ASSETCATALOG_COMPILER_APPICON_NAME = AppIcon;
				CODE_SIGN_STYLE = Automatic;
				DEVELOPMENT_TEAM = A639RLSZU5;
				INFOPLIST_FILE = GiftGift/Info.plist;
				LD_RUNPATH_SEARCH_PATHS = (
					"$(inherited)",
					"@executable_path/Frameworks",
				);
				PRODUCT_BUNDLE_IDENTIFIER = com.fiap.GiftGift;
				PRODUCT_NAME = "$(TARGET_NAME)";
				SWIFT_VERSION = 5.0;
				TARGETED_DEVICE_FAMILY = "1,2";
			};
			name = Debug;
		};
		2528AFE62258117300863F91 /* Release */ = {
			isa = XCBuildConfiguration;
			baseConfigurationReference = 453B0EA0C410B71163158883 /* Pods-GiftGift.release.xcconfig */;
			buildSettings = {
				ASSETCATALOG_COMPILER_APPICON_NAME = AppIcon;
				CODE_SIGN_STYLE = Automatic;
				DEVELOPMENT_TEAM = A639RLSZU5;
				INFOPLIST_FILE = GiftGift/Info.plist;
				LD_RUNPATH_SEARCH_PATHS = (
					"$(inherited)",
					"@executable_path/Frameworks",
				);
				PRODUCT_BUNDLE_IDENTIFIER = com.fiap.GiftGift;
				PRODUCT_NAME = "$(TARGET_NAME)";
				SWIFT_VERSION = 5.0;
				TARGETED_DEVICE_FAMILY = "1,2";
			};
			name = Release;
		};
/* End XCBuildConfiguration section */

/* Begin XCConfigurationList section */
		2528AFCA2258117100863F91 /* Build configuration list for PBXProject "GiftGift" */ = {
			isa = XCConfigurationList;
			buildConfigurations = (
				2528AFE22258117300863F91 /* Debug */,
				2528AFE32258117300863F91 /* Release */,
			);
			defaultConfigurationIsVisible = 0;
			defaultConfigurationName = Release;
		};
		2528AFE42258117300863F91 /* Build configuration list for PBXNativeTarget "GiftGift" */ = {
			isa = XCConfigurationList;
			buildConfigurations = (
				2528AFE52258117300863F91 /* Debug */,
				2528AFE62258117300863F91 /* Release */,
			);
			defaultConfigurationIsVisible = 0;
			defaultConfigurationName = Release;
		};
/* End XCConfigurationList section */

/* Begin XCVersionGroup section */
		2528AFD92258117100863F91 /* GiftGift.xcdatamodeld */ = {
			isa = XCVersionGroup;
			children = (
				2528AFDA2258117100863F91 /* GiftGift.xcdatamodel */,
			);
			currentVersion = 2528AFDA2258117100863F91 /* GiftGift.xcdatamodel */;
			path = GiftGift.xcdatamodeld;
			sourceTree = "<group>";
			versionGroupType = wrapper.xcdatamodel;
		};
/* End XCVersionGroup section */
	};
	rootObject = 2528AFC72258117100863F91 /* Project object */;
}
